
Microsoft Visual Studio Solution File, Format Version 12.00
# Visual Studio Version 17
VisualStudioVersion = 17.6.33815.320
MinimumVisualStudioVersion = 10.0.40219.1
Project("{9A19103F-16F7-4668-BE54-9A1E7A4F7556}") = "IndianCensusAnalyzer", "IndianCensusAnalyzer.csproj", "{F2B219F6-D27E-4C29-9E2D-46C49E7C1A24}"
EndProject
Project("{FAE04EC0-301F-11D3-BF4B-00C04F79EFBC}") = "IndianStateCensusAnalyzerTest", "..\IndianStateCensusAnalyzerTest\IndianStateCensusAnalyzerTest.csproj", "{70F40729-E699-4568-94FA-35D4F2627E49}"
EndProject
Global
	GlobalSection(SolutionConfigurationPlatforms) = preSolution
		Debug|Any CPU = Debug|Any CPU
		Release|Any CPU = Release|Any CPU
	EndGlobalSection
	GlobalSection(ProjectConfigurationPlatforms) = postSolution
		{F2B219F6-D27E-4C29-9E2D-46C49E7C1A24}.Debug|Any CPU.ActiveCfg = Debug|Any CPU
		{F2B219F6-D27E-4C29-9E2D-46C49E7C1A24}.Debug|Any CPU.Build.0 = Debug|Any CPU
		{F2B219F6-D27E-4C29-9E2D-46C49E7C1A24}.Release|Any CPU.ActiveCfg = Release|Any CPU
		{F2B219F6-D27E-4C29-9E2D-46C49E7C1A24}.Release|Any CPU.Build.0 = Release|Any CPU
		{70F40729-E699-4568-94FA-35D4F2627E49}.Debug|Any CPU.ActiveCfg = Debug|Any CPU
		{70F40729-E699-4568-94FA-35D4F2627E49}.Debug|Any CPU.Build.0 = Debug|Any CPU
		{70F40729-E699-4568-94FA-35D4F2627E49}.Release|Any CPU.ActiveCfg = Release|Any CPU
		{70F40729-E699-4568-94FA-35D4F2627E49}.Release|Any CPU.Build.0 = Release|Any CPU
	EndGlobalSection
	GlobalSection(SolutionProperties) = preSolution
		HideSolutionNode = FALSE
	EndGlobalSection
	GlobalSection(ExtensibilityGlobals) = postSolution
		SolutionGuid = {75B7A400-7722-47F3-8BCE-116A4576E2B2}
	EndGlobalSection
EndGlobal
